
Microsoft Visual Studio Solution File, Format Version 12.00
# Visual Studio Version 17
VisualStudioVersion = 17.4.33213.308
MinimumVisualStudioVersion = 10.0.40219.1
Project("{9A19103F-16F7-4668-BE54-9A1E7A4F7556}") = "WebApp", "WebApp.csproj", "{DA834875-7280-4AFC-83BE-F24A0A9AF794}"
EndProject
Global
	GlobalSection(SolutionConfigurationPlatforms) = preSolution
		Debug|Any CPU = Debug|Any CPU
		Release|Any CPU = Release|Any CPU
	EndGlobalSection
	GlobalSection(ProjectConfigurationPlatforms) = postSolution
		{DA834875-7280-4AFC-83BE-F24A0A9AF794}.Debug|Any CPU.ActiveCfg = Debug|Any CPU
		{DA834875-7280-4AFC-83BE-F24A0A9AF794}.Debug|Any CPU.Build.0 = Debug|Any CPU
		{DA834875-7280-4AFC-83BE-F24A0A9AF794}.Release|Any CPU.ActiveCfg = Release|Any CPU
		{DA834875-7280-4AFC-83BE-F24A0A9AF794}.Release|Any CPU.Build.0 = Release|Any CPU
	EndGlobalSection
	GlobalSection(SolutionProperties) = preSolution
		HideSolutionNode = FALSE
	EndGlobalSection
	GlobalSection(ExtensibilityGlobals) = postSolution
		SolutionGuid = {047F7DED-4810-4E35-85E5-9F852BF82572}
	EndGlobalSection
EndGlobal
